lock-version = "1"

[[task]]
id = "dashboard-dag-design-browser"
state = "1"

[task.depends_on]
"dashboard-dag-design-browser::spec" = "1a4e4d705ec3925e34cdcdf0b0aad67b3d4d6701a4bca85de5906ae46e0bdc24:8c4ae52fb8b650d3ecf1a2b532142d8fa5d5f6af943e9da19f313e2c9f876a2c"
"skills/task-tree/scripts/_artifacts.py" = "9815dd124e221dcad6cf5afca413eb9732e064b8aea84bfba902b14ce45db49e"
"skills/task-tree/scripts/_comments.py" = "ffb92c0c82f9346bca8e8a67a5c0bda00f3f9583538bbbaf0d88c6dbf45c082a"
"skills/task-tree/scripts/_repro.py" = "bd8aa0cf1feab0a58e190f39cf7e6f707c1ae0205718ba4071a891d9719bd6c3"
"skills/task-tree/scripts/_repro_acceptance.py" = "c259c90a8a07d579eafc1a7017925992a7ccb89f68da167afa28968cbc037c1e"
"skills/task-tree/scripts/_repro_scope.py" = "cfc4052dae555611b8f9f373dfb5e41bbbc1957668340881444ed52d566e59d5"
"skills/task-tree/scripts/_repro_state.py" = "cdb51cbd469baf7a039988ca810318e28b92274fe22f739a489bbd430dd79850"
"skills/task-tree/scripts/_task_dependencies.py" = "29d700a9ec6168ec8661d0288714fa2ef04bb11b9ec2dae4af12cdfca1d79a3f"
"skills/task-tree/scripts/_task_io.py" = "d6842b88d198aec91f5db0940a2d8d0240212d7a05d9ae7efa8220217990a85e"
"skills/task-tree/scripts/_task_snapshot.py" = "372169a4963dfe315aa238d154b4555653b50622b3b8c72f57a2d0839658cbb3"
"skills/task-tree/scripts/_task_validate.py" = "1071c882ca485f10c5b4a1897cac3a7abf903e91e2e8aac450be96a6737cfdbd"
"skills/task-tree/scripts/_worktree_discovery.py" = "0a7a9adbf9f9edf6063ba20faac991d4ffb631e2322f8c9203c71114401d9e2b"
"skills/task-tree/scripts/cli.py" = "b145cadd3a0e1ca0f71024a997e11960ce8d0c1c393b35ae7e2de2c88d60b359"
"skills/task-tree/scripts/plan_dashboard.py" = "af6027996f6daee2d87b503bf5969b87a87fe1dbd4c71de7cfaa6f807545d372"
"skills/task-tree/scripts/task_comment.py" = "43ba7ca6675619ebd7cd74f5778c7c8a46bf851916112d3a8ce7528f2652f188"
"skills/task-tree/scripts/templates" = "dir:d7c65460784a5af599f3a2fd9c18a737854623cddf15a2188956c84e21433a52"
"skills/task-tree/scripts/tests/navigation_browser.py" = "cbd76665a909784c8f86471cb1b5a751f664b4580cb47de9b03bd0c749dc009b"
"skills/task-tree/scripts/vendor" = "dir:fac8922a7772de8e5d3d8249da931ee75116b494bcf60c56c1b3c8eff9e4ebc5"

[task.produces]
"superRA/reproducibility/04-dashboard-view/scalable-navigation/dag-design/attachments/browser" = "dir:5f2202ba7dca2aa9261deb9b1de76ce1a52ebb9628f0c3c266011238a8fe5d1c"

[[task]]
id = "dashboard-dag-design-interaction-check"
state = "1"

[task.depends_on]
"dashboard-dag-design-interaction-check::spec" = "e1a2f71a7b09a04a30aee79f13354e6b0ae325f6bdcedccae6da0ca43f815def:a04a1e03dd4088b49df55c15da53a10a79f1009acac8f1f0d4e5d0da23d98207"
"skills/task-tree/scripts/_artifacts.py" = "9815dd124e221dcad6cf5afca413eb9732e064b8aea84bfba902b14ce45db49e"
"skills/task-tree/scripts/_comments.py" = "ffb92c0c82f9346bca8e8a67a5c0bda00f3f9583538bbbaf0d88c6dbf45c082a"
"skills/task-tree/scripts/_repro.py" = "bd8aa0cf1feab0a58e190f39cf7e6f707c1ae0205718ba4071a891d9719bd6c3"
"skills/task-tree/scripts/_repro_acceptance.py" = "c259c90a8a07d579eafc1a7017925992a7ccb89f68da167afa28968cbc037c1e"
"skills/task-tree/scripts/_repro_scope.py" = "cfc4052dae555611b8f9f373dfb5e41bbbc1957668340881444ed52d566e59d5"
"skills/task-tree/scripts/_repro_state.py" = "cdb51cbd469baf7a039988ca810318e28b92274fe22f739a489bbd430dd79850"
"skills/task-tree/scripts/_step_links.py" = "44001000d4080ed40fed50aa7e626c01b4c8302e85d4c36d10c6a741f53314be"
"skills/task-tree/scripts/_task_dependencies.py" = "29d700a9ec6168ec8661d0288714fa2ef04bb11b9ec2dae4af12cdfca1d79a3f"
"skills/task-tree/scripts/_task_io.py" = "d6842b88d198aec91f5db0940a2d8d0240212d7a05d9ae7efa8220217990a85e"
"skills/task-tree/scripts/_task_snapshot.py" = "372169a4963dfe315aa238d154b4555653b50622b3b8c72f57a2d0839658cbb3"
"skills/task-tree/scripts/_task_validate.py" = "1071c882ca485f10c5b4a1897cac3a7abf903e91e2e8aac450be96a6737cfdbd"
"skills/task-tree/scripts/_worktree_discovery.py" = "0a7a9adbf9f9edf6063ba20faac991d4ffb631e2322f8c9203c71114401d9e2b"
"skills/task-tree/scripts/cli.py" = "b145cadd3a0e1ca0f71024a997e11960ce8d0c1c393b35ae7e2de2c88d60b359"
"skills/task-tree/scripts/plan_dashboard.py" = "af6027996f6daee2d87b503bf5969b87a87fe1dbd4c71de7cfaa6f807545d372"
"skills/task-tree/scripts/task_check.py" = "5867949c10af228d8fda7620ebf5edd0a6f5de3e457003d0b2f49f081c56b83c"
"skills/task-tree/scripts/task_comment.py" = "43ba7ca6675619ebd7cd74f5778c7c8a46bf851916112d3a8ce7528f2652f188"
"skills/task-tree/scripts/templates" = "dir:d7c65460784a5af599f3a2fd9c18a737854623cddf15a2188956c84e21433a52"
"skills/task-tree/scripts/test_dashboard.py" = "9e0a056d5741a0083dd8bf7d35fa166d6781190901b9a66f8a5db4b01b0fc16b"
"skills/task-tree/scripts/test_step_links.py" = "47b1c26d112266b9ef99870b8fe4de6893a952d6096bc4dfb19a2db0c3afb70a"
"skills/task-tree/scripts/tests/navigation_browser.py" = "cbd76665a909784c8f86471cb1b5a751f664b4580cb47de9b03bd0c749dc009b"
"skills/task-tree/scripts/tests/test_dag_workspace_browser.py" = "303a19a8622a23fd30a547dfc2c333c19a8daa33ff98bbc81dbac30daf284c78"
"skills/task-tree/scripts/tests/test_navigation_projection.py" = "7a556eb5b8be9c42840f9144cbac5dfdd9651c1a153d0508e61eefa4245e2908"
"skills/task-tree/scripts/vendor" = "dir:fac8922a7772de8e5d3d8249da931ee75116b494bcf60c56c1b3c8eff9e4ebc5"

[task.produces]
".superra-repro/stamps/dashboard-dag-design-interaction-check.stamp" = "6076bc93927a8343b91912f1a10f0edbada26b2a52353888078ef50552590233"

[[task]]
id = "dashboard-navigation-browser"
state = "1"

[task.depends_on]
"dashboard-navigation-browser::spec" = "a371ac061781e7e1e343f775b1bf07da97af4296e144018baab2b7fb092722c8:cda437161bbae33f737c6fc60d6128285f2cb6cb8872897857228a2e9ee9670d"
"skills/task-tree/scripts/_artifacts.py" = "9815dd124e221dcad6cf5afca413eb9732e064b8aea84bfba902b14ce45db49e"
"skills/task-tree/scripts/_comments.py" = "ffb92c0c82f9346bca8e8a67a5c0bda00f3f9583538bbbaf0d88c6dbf45c082a"
"skills/task-tree/scripts/_repro.py" = "bd8aa0cf1feab0a58e190f39cf7e6f707c1ae0205718ba4071a891d9719bd6c3"
"skills/task-tree/scripts/_repro_acceptance.py" = "45efe0a055a161ff2de396fec0160057c761fc2beabd8ac157d6372fa522fd82"
"skills/task-tree/scripts/_repro_state.py" = "b0f4a67a9e8a5374e1cc06cb8930353e63642418db1fb353630b8b2966f360b5"
"skills/task-tree/scripts/_task_dependencies.py" = "29d700a9ec6168ec8661d0288714fa2ef04bb11b9ec2dae4af12cdfca1d79a3f"
"skills/task-tree/scripts/_task_io.py" = "d6842b88d198aec91f5db0940a2d8d0240212d7a05d9ae7efa8220217990a85e"
"skills/task-tree/scripts/_task_snapshot.py" = "f077d2dbbe2ae2fab0c589f86609719423fe208f1676f929fd37aa35e3cbac71"
"skills/task-tree/scripts/_task_validate.py" = "1071c882ca485f10c5b4a1897cac3a7abf903e91e2e8aac450be96a6737cfdbd"
"skills/task-tree/scripts/_worktree_discovery.py" = "0a7a9adbf9f9edf6063ba20faac991d4ffb631e2322f8c9203c71114401d9e2b"
"skills/task-tree/scripts/cli.py" = "1d030d0f298faf6116cb9bd269bae8ff362f04d1fd0d4f66326e2fabf7e99412"
"skills/task-tree/scripts/plan_dashboard.py" = "4ab854faa0c218c225ab5320c91c5b66decbf1eab773ed027cedcbde4ce90e10"
"skills/task-tree/scripts/task_comment.py" = "43ba7ca6675619ebd7cd74f5778c7c8a46bf851916112d3a8ce7528f2652f188"
"skills/task-tree/scripts/templates" = "dir:e8f9169301d9f4d5d89f621b51472a08a1518952ced6ad4b7b1224f7785744b3"
"skills/task-tree/scripts/tests/navigation_browser.py" = "ee278a7a52febabcf1c3d721dc133ac1abe0ff1b6413819e47fbd85d7b071b4e"
"skills/task-tree/scripts/vendor" = "dir:fac8922a7772de8e5d3d8249da931ee75116b494bcf60c56c1b3c8eff9e4ebc5"

[task.produces]
"superRA/reproducibility/04-dashboard-view/scalable-navigation/attachments/browser" = "dir:02868e6d316d6730934d4138a60e75cfca05fac9a741d923e957405c3279dfc6"

[[task]]
id = "dashboard-navigation-heterogeneity"
state = "1"

[task.depends_on]
"dashboard-navigation-heterogeneity::spec" = "9c1c25c4ecc5b99f9debb97496e57a26cfc1fdd0dbbb04684fa27d78d4fa3b8c:0137fe3e0759bf9cd2886c003d6edf9ecf4abee5d0c65c5d10c37206f43207ec"
"skills/task-tree/scripts/_artifacts.py" = "9815dd124e221dcad6cf5afca413eb9732e064b8aea84bfba902b14ce45db49e"
"skills/task-tree/scripts/_comments.py" = "ffb92c0c82f9346bca8e8a67a5c0bda00f3f9583538bbbaf0d88c6dbf45c082a"
"skills/task-tree/scripts/_repro.py" = "bd8aa0cf1feab0a58e190f39cf7e6f707c1ae0205718ba4071a891d9719bd6c3"
"skills/task-tree/scripts/_repro_acceptance.py" = "45efe0a055a161ff2de396fec0160057c761fc2beabd8ac157d6372fa522fd82"
"skills/task-tree/scripts/_repro_state.py" = "b0f4a67a9e8a5374e1cc06cb8930353e63642418db1fb353630b8b2966f360b5"
"skills/task-tree/scripts/_task_dependencies.py" = "29d700a9ec6168ec8661d0288714fa2ef04bb11b9ec2dae4af12cdfca1d79a3f"
"skills/task-tree/scripts/_task_io.py" = "d6842b88d198aec91f5db0940a2d8d0240212d7a05d9ae7efa8220217990a85e"
"skills/task-tree/scripts/_task_snapshot.py" = "f077d2dbbe2ae2fab0c589f86609719423fe208f1676f929fd37aa35e3cbac71"
"skills/task-tree/scripts/_task_validate.py" = "1071c882ca485f10c5b4a1897cac3a7abf903e91e2e8aac450be96a6737cfdbd"
"skills/task-tree/scripts/_worktree_discovery.py" = "0a7a9adbf9f9edf6063ba20faac991d4ffb631e2322f8c9203c71114401d9e2b"
"skills/task-tree/scripts/cli.py" = "1d030d0f298faf6116cb9bd269bae8ff362f04d1fd0d4f66326e2fabf7e99412"
"skills/task-tree/scripts/plan_dashboard.py" = "4ab854faa0c218c225ab5320c91c5b66decbf1eab773ed027cedcbde4ce90e10"
"skills/task-tree/scripts/task_comment.py" = "43ba7ca6675619ebd7cd74f5778c7c8a46bf851916112d3a8ce7528f2652f188"
"skills/task-tree/scripts/templates" = "dir:e8f9169301d9f4d5d89f621b51472a08a1518952ced6ad4b7b1224f7785744b3"
"skills/task-tree/scripts/tests/navigation_browser.py" = "ee278a7a52febabcf1c3d721dc133ac1abe0ff1b6413819e47fbd85d7b071b4e"
"skills/task-tree/scripts/vendor" = "dir:fac8922a7772de8e5d3d8249da931ee75116b494bcf60c56c1b3c8eff9e4ebc5"
"superRA/reproducibility/04-dashboard-view/scalable-navigation/attachments/heterogeneity-input.json" = "135cd860c757f6d1e45ffe5e77331b2303068a1fdb8d4abcc000e14bca67c5ec"

[task.produces]
"superRA/reproducibility/04-dashboard-view/scalable-navigation/attachments/heterogeneity" = "dir:369ff2149a9e067d18b8da47e33c4419a8d175ec2f99393763ed4964c44c20a6"

[[task]]
id = "dashboard-navigation-projection-check"
state = "1"

[task.depends_on]
"dashboard-navigation-projection-check::spec" = "444d92a5523c7ecf2d6d6ed63ce4e567942d6a08e8719266bd704cf1ce3d05c3:32bebb34f77605d83950d9626a29f0c9284c84798dd6f965f3930c17373427b4"
"skills/task-tree/scripts/_artifacts.py" = "9815dd124e221dcad6cf5afca413eb9732e064b8aea84bfba902b14ce45db49e"
"skills/task-tree/scripts/_comments.py" = "ffb92c0c82f9346bca8e8a67a5c0bda00f3f9583538bbbaf0d88c6dbf45c082a"
"skills/task-tree/scripts/_repro.py" = "bd8aa0cf1feab0a58e190f39cf7e6f707c1ae0205718ba4071a891d9719bd6c3"
"skills/task-tree/scripts/_repro_acceptance.py" = "45efe0a055a161ff2de396fec0160057c761fc2beabd8ac157d6372fa522fd82"
"skills/task-tree/scripts/_repro_state.py" = "b0f4a67a9e8a5374e1cc06cb8930353e63642418db1fb353630b8b2966f360b5"
"skills/task-tree/scripts/_task_dependencies.py" = "29d700a9ec6168ec8661d0288714fa2ef04bb11b9ec2dae4af12cdfca1d79a3f"
"skills/task-tree/scripts/_task_io.py" = "d6842b88d198aec91f5db0940a2d8d0240212d7a05d9ae7efa8220217990a85e"
"skills/task-tree/scripts/_task_snapshot.py" = "f077d2dbbe2ae2fab0c589f86609719423fe208f1676f929fd37aa35e3cbac71"
"skills/task-tree/scripts/_task_validate.py" = "1071c882ca485f10c5b4a1897cac3a7abf903e91e2e8aac450be96a6737cfdbd"
"skills/task-tree/scripts/_worktree_discovery.py" = "0a7a9adbf9f9edf6063ba20faac991d4ffb631e2322f8c9203c71114401d9e2b"
"skills/task-tree/scripts/cli.py" = "1d030d0f298faf6116cb9bd269bae8ff362f04d1fd0d4f66326e2fabf7e99412"
"skills/task-tree/scripts/plan_dashboard.py" = "4ab854faa0c218c225ab5320c91c5b66decbf1eab773ed027cedcbde4ce90e10"
"skills/task-tree/scripts/task_comment.py" = "43ba7ca6675619ebd7cd74f5778c7c8a46bf851916112d3a8ce7528f2652f188"
"skills/task-tree/scripts/templates" = "dir:e8f9169301d9f4d5d89f621b51472a08a1518952ced6ad4b7b1224f7785744b3"
"skills/task-tree/scripts/test_dashboard.py" = "98cdc2e7dd4f404e47347a14d96f82ff9b673b9c9d905adc9dc9e50981204559"
"skills/task-tree/scripts/tests/navigation_browser.py" = "ee278a7a52febabcf1c3d721dc133ac1abe0ff1b6413819e47fbd85d7b071b4e"
"skills/task-tree/scripts/tests/test_navigation_projection.py" = "7862ea9f20d15b64ca875bcf127ccce13b59c5768e854072d5bdbd15ea4d4ff4"
"skills/task-tree/scripts/vendor" = "dir:fac8922a7772de8e5d3d8249da931ee75116b494bcf60c56c1b3c8eff9e4ebc5"

[task.produces]
".superra-repro/stamps/dashboard-navigation-projection-check.stamp" = "784503bbff6a42162c4e764fe7c038597e33ca96a63662a32f82a8a938a74752"

[[task]]
id = "task-scoped-builds-check"
state = "1"

[task.depends_on]
"skills/task-tree/scripts/_apply_patch.py" = "98beeef22daafd8f5a134c7b77f8705ade7e2e5e2e45f5fd8c90c1a0a8cc350f"
"skills/task-tree/scripts/_artifacts.py" = "9815dd124e221dcad6cf5afca413eb9732e064b8aea84bfba902b14ce45db49e"
"skills/task-tree/scripts/_comments.py" = "ffb92c0c82f9346bca8e8a67a5c0bda00f3f9583538bbbaf0d88c6dbf45c082a"
"skills/task-tree/scripts/_repro.py" = "bd8aa0cf1feab0a58e190f39cf7e6f707c1ae0205718ba4071a891d9719bd6c3"
"skills/task-tree/scripts/_repro_acceptance.py" = "8eec18c49dc48ac2457faf5ecc8fb420e007cdb684e5d54c7ac431ec42a604c9"
"skills/task-tree/scripts/_repro_hooks.py" = "ada265a9bd2f73f92c1d69df5ccb7dce59ee2c1901339e6d112ae2065587408e"
"skills/task-tree/scripts/_repro_scope.py" = "54f27dd97896d88e5f5018f7bdb6a9d5baa7d040fafc54361d7353e5036e86f0"
"skills/task-tree/scripts/_repro_state.py" = "ac2e2e02f437d4b2d018787782317be7f4e1b1e6f6f67f4e042fdc8a3b3f3156"
"skills/task-tree/scripts/_step_links.py" = "44001000d4080ed40fed50aa7e626c01b4c8302e85d4c36d10c6a741f53314be"
"skills/task-tree/scripts/_task_dependencies.py" = "29d700a9ec6168ec8661d0288714fa2ef04bb11b9ec2dae4af12cdfca1d79a3f"
"skills/task-tree/scripts/_task_io.py" = "d6842b88d198aec91f5db0940a2d8d0240212d7a05d9ae7efa8220217990a85e"
"skills/task-tree/scripts/_task_snapshot.py" = "372169a4963dfe315aa238d154b4555653b50622b3b8c72f57a2d0839658cbb3"
"skills/task-tree/scripts/_task_validate.py" = "1071c882ca485f10c5b4a1897cac3a7abf903e91e2e8aac450be96a6737cfdbd"
"skills/task-tree/scripts/_worktree_discovery.py" = "0a7a9adbf9f9edf6063ba20faac991d4ffb631e2322f8c9203c71114401d9e2b"
"skills/task-tree/scripts/cli.py" = "b145cadd3a0e1ca0f71024a997e11960ce8d0c1c393b35ae7e2de2c88d60b359"
"skills/task-tree/scripts/conftest.py" = "e1e3ec0c5df2224bce0b1492c1ebfa1b40a9bfa08b6fdd216fe1b7df5761dea6"
"skills/task-tree/scripts/dashboard_artifact_workflow.py" = "3c4ef9add34cb0f43995cfccb0578796ab6d84f6cc76877d3d271063c224eb6e"
"skills/task-tree/scripts/plan_dashboard.py" = "af6027996f6daee2d87b503bf5969b87a87fe1dbd4c71de7cfaa6f807545d372"
"skills/task-tree/scripts/plan_migrate.py" = "a25963dc94d3913485f4cdc5c6af85a654b840c37819918d53f3c6d84713d51a"
"skills/task-tree/scripts/repro_run.py" = "c93d8b2b45795100faa1e8fcbd72fa6079444f86847ad28a9a25274bfb6d6c33"
"skills/task-tree/scripts/task_add_result.py" = "1b9dd7bda520a2672e165d371bab64f5a116df0446d019199dabbd3ed6647d85"
"skills/task-tree/scripts/task_check.py" = "5867949c10af228d8fda7620ebf5edd0a6f5de3e457003d0b2f49f081c56b83c"
"skills/task-tree/scripts/task_comment.py" = "43ba7ca6675619ebd7cd74f5778c7c8a46bf851916112d3a8ce7528f2652f188"
"skills/task-tree/scripts/task_create.py" = "e8721031743716474595ddb1deb14a1aa50b73495ccb976b5de6196b693dd0e7"
"skills/task-tree/scripts/task_hook.py" = "245e9bf3e6a056a8c816f01afbf92ece6e25182340932a1f30fc25eff6e1b68f"
"skills/task-tree/scripts/task_link.py" = "b25ee4cfb5cf4444d9d67b802ad2f6f7316a6078757bf8b25e1dd6409950cd20"
"skills/task-tree/scripts/task_query.py" = "e4ee071619f01c8cad7063b16e5d6d0a8e41552e0ce036dc3ec106f68af0b039"
"skills/task-tree/scripts/task_read.py" = "75bf38f5d38e6ced4dde20583a3613980f16d4588d46641404acbf255ea226b0"
"skills/task-tree/scripts/task_rename.py" = "e4c35c919c81a348005931700998021ec6a5b0dc6c674b0f70f9929fee29ea4c"
"skills/task-tree/scripts/task_update.py" = "c9405041bd628a7d3f21673617868d404eca5858641fa9b804b7f3fb94f0716d"
"skills/task-tree/scripts/test_repro_acceptance.py" = "c6525b5df75f8b6f5d507cd4bf73d8ee968fc9839eda916a57f809af82cedc7d"
"skills/task-tree/scripts/test_repro_runner.py" = "0f4c71a9a0c3ae192a6fa5d9d466553fdcc838cc4a21a52dc1add517eab59fa8"
"skills/task-tree/scripts/test_repro_scope.py" = "5506f6dcd5726a7fbd08e8a4336f86c03c2f40b32a2354ab54d9534d8d55f92a"
"skills/task-tree/scripts/test_task_dependencies.py" = "da4b5827861efb58cbf85878bece52967148f5a113578a22c4235c353ccb9858"
"skills/task-tree/scripts/wrapper_resolver.py" = "6817538dc99ea03ce5ffec90a3d2f6ef70d7139a5ec489977047a42376c8f19b"
"task-scoped-builds-check::spec" = "42f33536bccdec3f685541bef24405f1a1a35058e97f1ae365a877332a4dfc51:5f253ac46806c2be34310ce09a36ebc741a2ff734e5c20b74167ae6e785b0143"

[task.produces]
".superra-repro/stamps/task-scoped-builds-check.stamp" = "cb90c9065766f73cf19c921cb7547bc2aa6dac305ffb703c1761e0fe21d3a6bb"

[[task]]
id = "task-scoped-builds-pilot"
state = "1"

[task.depends_on]
"skills/task-tree/scripts/_apply_patch.py" = "98beeef22daafd8f5a134c7b77f8705ade7e2e5e2e45f5fd8c90c1a0a8cc350f"
"skills/task-tree/scripts/_artifacts.py" = "9815dd124e221dcad6cf5afca413eb9732e064b8aea84bfba902b14ce45db49e"
"skills/task-tree/scripts/_comments.py" = "ffb92c0c82f9346bca8e8a67a5c0bda00f3f9583538bbbaf0d88c6dbf45c082a"
"skills/task-tree/scripts/_repro.py" = "bd8aa0cf1feab0a58e190f39cf7e6f707c1ae0205718ba4071a891d9719bd6c3"
"skills/task-tree/scripts/_repro_acceptance.py" = "02d3f0481cd859466495dc5d81208bf2db96d899abf322635bcfd4a7c922f877"
"skills/task-tree/scripts/_repro_hooks.py" = "faeee9573dd23111883380f074f44afd011261902fce2824c9ae1cad191b68c8"
"skills/task-tree/scripts/_repro_scope.py" = "54f27dd97896d88e5f5018f7bdb6a9d5baa7d040fafc54361d7353e5036e86f0"
"skills/task-tree/scripts/_repro_state.py" = "30a2a64d55e6e36a9b44e05d0924e93fe7a73769e00ddc4a8e1417f497aae79b"
"skills/task-tree/scripts/_step_links.py" = "44001000d4080ed40fed50aa7e626c01b4c8302e85d4c36d10c6a741f53314be"
"skills/task-tree/scripts/_task_dependencies.py" = "29d700a9ec6168ec8661d0288714fa2ef04bb11b9ec2dae4af12cdfca1d79a3f"
"skills/task-tree/scripts/_task_io.py" = "d6842b88d198aec91f5db0940a2d8d0240212d7a05d9ae7efa8220217990a85e"
"skills/task-tree/scripts/_task_snapshot.py" = "372169a4963dfe315aa238d154b4555653b50622b3b8c72f57a2d0839658cbb3"
"skills/task-tree/scripts/_task_validate.py" = "1071c882ca485f10c5b4a1897cac3a7abf903e91e2e8aac450be96a6737cfdbd"
"skills/task-tree/scripts/_worktree_discovery.py" = "0a7a9adbf9f9edf6063ba20faac991d4ffb631e2322f8c9203c71114401d9e2b"
"skills/task-tree/scripts/cli.py" = "b145cadd3a0e1ca0f71024a997e11960ce8d0c1c393b35ae7e2de2c88d60b359"
"skills/task-tree/scripts/conftest.py" = "e1e3ec0c5df2224bce0b1492c1ebfa1b40a9bfa08b6fdd216fe1b7df5761dea6"
"skills/task-tree/scripts/dashboard_artifact_workflow.py" = "3c4ef9add34cb0f43995cfccb0578796ab6d84f6cc76877d3d271063c224eb6e"
"skills/task-tree/scripts/plan_dashboard.py" = "af6027996f6daee2d87b503bf5969b87a87fe1dbd4c71de7cfaa6f807545d372"
"skills/task-tree/scripts/plan_migrate.py" = "a25963dc94d3913485f4cdc5c6af85a654b840c37819918d53f3c6d84713d51a"
"skills/task-tree/scripts/repro_run.py" = "5ae1fe3042dd897e27ab4b60b75cec1510ecb80a124b4677229eae7eb649d2b8"
"skills/task-tree/scripts/task_add_result.py" = "1b9dd7bda520a2672e165d371bab64f5a116df0446d019199dabbd3ed6647d85"
"skills/task-tree/scripts/task_check.py" = "5867949c10af228d8fda7620ebf5edd0a6f5de3e457003d0b2f49f081c56b83c"
"skills/task-tree/scripts/task_comment.py" = "43ba7ca6675619ebd7cd74f5778c7c8a46bf851916112d3a8ce7528f2652f188"
"skills/task-tree/scripts/task_create.py" = "e8721031743716474595ddb1deb14a1aa50b73495ccb976b5de6196b693dd0e7"
"skills/task-tree/scripts/task_hook.py" = "245e9bf3e6a056a8c816f01afbf92ece6e25182340932a1f30fc25eff6e1b68f"
"skills/task-tree/scripts/task_link.py" = "b25ee4cfb5cf4444d9d67b802ad2f6f7316a6078757bf8b25e1dd6409950cd20"
"skills/task-tree/scripts/task_query.py" = "e4ee071619f01c8cad7063b16e5d6d0a8e41552e0ce036dc3ec106f68af0b039"
"skills/task-tree/scripts/task_read.py" = "75bf38f5d38e6ced4dde20583a3613980f16d4588d46641404acbf255ea226b0"
"skills/task-tree/scripts/task_rename.py" = "e4c35c919c81a348005931700998021ec6a5b0dc6c674b0f70f9929fee29ea4c"
"skills/task-tree/scripts/task_update.py" = "c9405041bd628a7d3f21673617868d404eca5858641fa9b804b7f3fb94f0716d"
"skills/task-tree/scripts/templates" = "dir:d7c65460784a5af599f3a2fd9c18a737854623cddf15a2188956c84e21433a52"
"skills/task-tree/scripts/test_dashboard.py" = "9e0a056d5741a0083dd8bf7d35fa166d6781190901b9a66f8a5db4b01b0fc16b"
"skills/task-tree/scripts/tests/navigation_browser.py" = "cbd76665a909784c8f86471cb1b5a751f664b4580cb47de9b03bd0c749dc009b"
"skills/task-tree/scripts/tests/test_navigation_projection.py" = "7a556eb5b8be9c42840f9144cbac5dfdd9651c1a153d0508e61eefa4245e2908"
"skills/task-tree/scripts/vendor" = "dir:fac8922a7772de8e5d3d8249da931ee75116b494bcf60c56c1b3c8eff9e4ebc5"
"skills/task-tree/scripts/wrapper_resolver.py" = "6817538dc99ea03ce5ffec90a3d2f6ef70d7139a5ec489977047a42376c8f19b"
"superRA/reproducibility/04-dashboard-view/scalable-navigation/task.md" = "e25da6caba8ed3dff079d4e5ab4f23b8bb2206ded385988942cbba5008921009"
"superRA/reproducibility/11-scoped-verification/task-scoped-builds/attachments/pilot.py" = "6cac607fe7b5fde3c90fa4fe7d3f84fd4eb1b1e5a173bc26e8043771b5b84aa1"
"task-scoped-builds-pilot::spec" = "c3553c06e69e5a9430d5cc76b52c0bf64b47f7eaa326e44958d4458f11903082:af921a3322d3026f767332906d42cdc932ae2e0783d3aeb275819466f9f1920d"

[task.produces]
"superRA/reproducibility/11-scoped-verification/task-scoped-builds/attachments/pilot-results.json" = "daa17647706f57e04696d83fad911286541128c4353439fcafb4296be88c8307"
