lock-version = "1"

[[task]]
id = "dashboard-dag-design-browser"
state = "1"

[task.depends_on]
"dashboard-dag-design-browser::spec" = "1a4e4d705ec3925e34cdcdf0b0aad67b3d4d6701a4bca85de5906ae46e0bdc24:8c4ae52fb8b650d3ecf1a2b532142d8fa5d5f6af943e9da19f313e2c9f876a2c"
"skills/task-tree/scripts/_artifacts.py" = "9815dd124e221dcad6cf5afca413eb9732e064b8aea84bfba902b14ce45db49e"
"skills/task-tree/scripts/_comments.py" = "ffb92c0c82f9346bca8e8a67a5c0bda00f3f9583538bbbaf0d88c6dbf45c082a"
"skills/task-tree/scripts/_repro.py" = "66cf6cb836251285414e83151eb79678cc4df165736b76b366ac17765114dd11"
"skills/task-tree/scripts/_repro_acceptance.py" = "022eca86c298b176f8e5d7b36bd38af82c090577c33fc51ff1b52c0d83a48cc7"
"skills/task-tree/scripts/_repro_scope.py" = "54f27dd97896d88e5f5018f7bdb6a9d5baa7d040fafc54361d7353e5036e86f0"
"skills/task-tree/scripts/_repro_state.py" = "0cdbf1437aca6432f9fa386827931226fa941372138b9652d9ccaa3793731d24"
"skills/task-tree/scripts/_task_dependencies.py" = "29d700a9ec6168ec8661d0288714fa2ef04bb11b9ec2dae4af12cdfca1d79a3f"
"skills/task-tree/scripts/_task_io.py" = "d6842b88d198aec91f5db0940a2d8d0240212d7a05d9ae7efa8220217990a85e"
"skills/task-tree/scripts/_task_snapshot.py" = "eae566c4c03b8b74ccd5a6cdb09ce019090fd993e1eed97e93e64503a42bdbf9"
"skills/task-tree/scripts/_task_validate.py" = "1071c882ca485f10c5b4a1897cac3a7abf903e91e2e8aac450be96a6737cfdbd"
"skills/task-tree/scripts/_worktree_discovery.py" = "0a7a9adbf9f9edf6063ba20faac991d4ffb631e2322f8c9203c71114401d9e2b"
"skills/task-tree/scripts/cli.py" = "3b392aaf0efb59f00d512a2ac6462122044c93d5dcbacd4b3653384e646df9c5"
"skills/task-tree/scripts/plan_dashboard.py" = "e99a4d70af6ef4b17ca9033ae28a13ea6235bcd7f0a2588fdf32a9f9a3ec1ba6"
"skills/task-tree/scripts/task_comment.py" = "43ba7ca6675619ebd7cd74f5778c7c8a46bf851916112d3a8ce7528f2652f188"
"skills/task-tree/scripts/templates" = "dir:87595cf61fe54eab6f3be57b2ee42e22e55cdbcd7c6447629cd67feb7b65e4c6"
"skills/task-tree/scripts/tests/navigation_browser.py" = "d605bb1b66be85a9c42af7fd146a70cf4836d93ed860e4fd5b94e0e15d385215"
"skills/task-tree/scripts/vendor" = "dir:fac8922a7772de8e5d3d8249da931ee75116b494bcf60c56c1b3c8eff9e4ebc5"

[task.produces]
"superRA/reproducibility/04-dashboard-view/scalable-navigation/dag-design/attachments/browser" = "dir:f25ee143b8a2e908393c9ecce26cc888900c242aa0a1c828bcb1ccac82b783cc"

[[task]]
id = "dashboard-dag-design-interaction-check"
state = "1"

[task.depends_on]
"dashboard-dag-design-interaction-check::spec" = "e1a2f71a7b09a04a30aee79f13354e6b0ae325f6bdcedccae6da0ca43f815def:a04a1e03dd4088b49df55c15da53a10a79f1009acac8f1f0d4e5d0da23d98207"
"skills/task-tree/scripts/_artifacts.py" = "9815dd124e221dcad6cf5afca413eb9732e064b8aea84bfba902b14ce45db49e"
"skills/task-tree/scripts/_comments.py" = "ffb92c0c82f9346bca8e8a67a5c0bda00f3f9583538bbbaf0d88c6dbf45c082a"
"skills/task-tree/scripts/_repro.py" = "66cf6cb836251285414e83151eb79678cc4df165736b76b366ac17765114dd11"
"skills/task-tree/scripts/_repro_acceptance.py" = "022eca86c298b176f8e5d7b36bd38af82c090577c33fc51ff1b52c0d83a48cc7"
"skills/task-tree/scripts/_repro_scope.py" = "54f27dd97896d88e5f5018f7bdb6a9d5baa7d040fafc54361d7353e5036e86f0"
"skills/task-tree/scripts/_repro_state.py" = "0cdbf1437aca6432f9fa386827931226fa941372138b9652d9ccaa3793731d24"
"skills/task-tree/scripts/_step_links.py" = "44001000d4080ed40fed50aa7e626c01b4c8302e85d4c36d10c6a741f53314be"
"skills/task-tree/scripts/_task_dependencies.py" = "29d700a9ec6168ec8661d0288714fa2ef04bb11b9ec2dae4af12cdfca1d79a3f"
"skills/task-tree/scripts/_task_io.py" = "d6842b88d198aec91f5db0940a2d8d0240212d7a05d9ae7efa8220217990a85e"
"skills/task-tree/scripts/_task_snapshot.py" = "eae566c4c03b8b74ccd5a6cdb09ce019090fd993e1eed97e93e64503a42bdbf9"
"skills/task-tree/scripts/_task_validate.py" = "1071c882ca485f10c5b4a1897cac3a7abf903e91e2e8aac450be96a6737cfdbd"
"skills/task-tree/scripts/_worktree_discovery.py" = "0a7a9adbf9f9edf6063ba20faac991d4ffb631e2322f8c9203c71114401d9e2b"
"skills/task-tree/scripts/cli.py" = "3b392aaf0efb59f00d512a2ac6462122044c93d5dcbacd4b3653384e646df9c5"
"skills/task-tree/scripts/plan_dashboard.py" = "e99a4d70af6ef4b17ca9033ae28a13ea6235bcd7f0a2588fdf32a9f9a3ec1ba6"
"skills/task-tree/scripts/task_check.py" = "5867949c10af228d8fda7620ebf5edd0a6f5de3e457003d0b2f49f081c56b83c"
"skills/task-tree/scripts/task_comment.py" = "43ba7ca6675619ebd7cd74f5778c7c8a46bf851916112d3a8ce7528f2652f188"
"skills/task-tree/scripts/templates" = "dir:87595cf61fe54eab6f3be57b2ee42e22e55cdbcd7c6447629cd67feb7b65e4c6"
"skills/task-tree/scripts/test_dashboard.py" = "d8d74f39dd48c2f83231af8c9b0a41c43b8f3dbf3cd9ff89e88791b754e9fca7"
"skills/task-tree/scripts/test_step_links.py" = "47b1c26d112266b9ef99870b8fe4de6893a952d6096bc4dfb19a2db0c3afb70a"
"skills/task-tree/scripts/tests/navigation_browser.py" = "d605bb1b66be85a9c42af7fd146a70cf4836d93ed860e4fd5b94e0e15d385215"
"skills/task-tree/scripts/tests/test_dag_workspace_browser.py" = "ba94b4ad0f771c00776cf62e948b19d7fccb0de9c803625c1f65dc715ecf112c"
"skills/task-tree/scripts/tests/test_navigation_projection.py" = "f9b3f1ea336606f4e4c6e932722e19072d09b5f1714b8546fd073c16ebe7f961"
"skills/task-tree/scripts/vendor" = "dir:fac8922a7772de8e5d3d8249da931ee75116b494bcf60c56c1b3c8eff9e4ebc5"

[task.produces]
".superra-repro/stamps/dashboard-dag-design-interaction-check.stamp" = "6076bc93927a8343b91912f1a10f0edbada26b2a52353888078ef50552590233"

[[task]]
id = "dashboard-navigation-browser"
state = "1"

[task.depends_on]
"dashboard-navigation-browser::spec" = "a371ac061781e7e1e343f775b1bf07da97af4296e144018baab2b7fb092722c8:cda437161bbae33f737c6fc60d6128285f2cb6cb8872897857228a2e9ee9670d"
"skills/task-tree/scripts/_artifacts.py" = "9815dd124e221dcad6cf5afca413eb9732e064b8aea84bfba902b14ce45db49e"
"skills/task-tree/scripts/_comments.py" = "ffb92c0c82f9346bca8e8a67a5c0bda00f3f9583538bbbaf0d88c6dbf45c082a"
"skills/task-tree/scripts/_repro.py" = "bd8aa0cf1feab0a58e190f39cf7e6f707c1ae0205718ba4071a891d9719bd6c3"
"skills/task-tree/scripts/_repro_acceptance.py" = "45efe0a055a161ff2de396fec0160057c761fc2beabd8ac157d6372fa522fd82"
"skills/task-tree/scripts/_repro_state.py" = "b0f4a67a9e8a5374e1cc06cb8930353e63642418db1fb353630b8b2966f360b5"
"skills/task-tree/scripts/_task_dependencies.py" = "29d700a9ec6168ec8661d0288714fa2ef04bb11b9ec2dae4af12cdfca1d79a3f"
"skills/task-tree/scripts/_task_io.py" = "d6842b88d198aec91f5db0940a2d8d0240212d7a05d9ae7efa8220217990a85e"
"skills/task-tree/scripts/_task_snapshot.py" = "f077d2dbbe2ae2fab0c589f86609719423fe208f1676f929fd37aa35e3cbac71"
"skills/task-tree/scripts/_task_validate.py" = "1071c882ca485f10c5b4a1897cac3a7abf903e91e2e8aac450be96a6737cfdbd"
"skills/task-tree/scripts/_worktree_discovery.py" = "0a7a9adbf9f9edf6063ba20faac991d4ffb631e2322f8c9203c71114401d9e2b"
"skills/task-tree/scripts/cli.py" = "1d030d0f298faf6116cb9bd269bae8ff362f04d1fd0d4f66326e2fabf7e99412"
"skills/task-tree/scripts/plan_dashboard.py" = "4ab854faa0c218c225ab5320c91c5b66decbf1eab773ed027cedcbde4ce90e10"
"skills/task-tree/scripts/task_comment.py" = "43ba7ca6675619ebd7cd74f5778c7c8a46bf851916112d3a8ce7528f2652f188"
"skills/task-tree/scripts/templates" = "dir:e8f9169301d9f4d5d89f621b51472a08a1518952ced6ad4b7b1224f7785744b3"
"skills/task-tree/scripts/tests/navigation_browser.py" = "ee278a7a52febabcf1c3d721dc133ac1abe0ff1b6413819e47fbd85d7b071b4e"
"skills/task-tree/scripts/vendor" = "dir:fac8922a7772de8e5d3d8249da931ee75116b494bcf60c56c1b3c8eff9e4ebc5"

[task.produces]
"superRA/reproducibility/04-dashboard-view/scalable-navigation/attachments/browser" = "dir:02868e6d316d6730934d4138a60e75cfca05fac9a741d923e957405c3279dfc6"

[[task]]
id = "dashboard-navigation-heterogeneity"
state = "1"

[task.depends_on]
"dashboard-navigation-heterogeneity::spec" = "e2c0b514c3916c7074e8fd231a22df1991104f695d7c256de46d004c1b606e49:0137fe3e0759bf9cd2886c003d6edf9ecf4abee5d0c65c5d10c37206f43207ec"
"skills/task-tree/scripts/_artifacts.py" = "9815dd124e221dcad6cf5afca413eb9732e064b8aea84bfba902b14ce45db49e"
"skills/task-tree/scripts/_comments.py" = "ffb92c0c82f9346bca8e8a67a5c0bda00f3f9583538bbbaf0d88c6dbf45c082a"
"skills/task-tree/scripts/_repro.py" = "66cf6cb836251285414e83151eb79678cc4df165736b76b366ac17765114dd11"
"skills/task-tree/scripts/_repro_acceptance.py" = "022eca86c298b176f8e5d7b36bd38af82c090577c33fc51ff1b52c0d83a48cc7"
"skills/task-tree/scripts/_repro_scope.py" = "54f27dd97896d88e5f5018f7bdb6a9d5baa7d040fafc54361d7353e5036e86f0"
"skills/task-tree/scripts/_repro_state.py" = "0cdbf1437aca6432f9fa386827931226fa941372138b9652d9ccaa3793731d24"
"skills/task-tree/scripts/_task_dependencies.py" = "29d700a9ec6168ec8661d0288714fa2ef04bb11b9ec2dae4af12cdfca1d79a3f"
"skills/task-tree/scripts/_task_io.py" = "d6842b88d198aec91f5db0940a2d8d0240212d7a05d9ae7efa8220217990a85e"
"skills/task-tree/scripts/_task_snapshot.py" = "eae566c4c03b8b74ccd5a6cdb09ce019090fd993e1eed97e93e64503a42bdbf9"
"skills/task-tree/scripts/_task_validate.py" = "1071c882ca485f10c5b4a1897cac3a7abf903e91e2e8aac450be96a6737cfdbd"
"skills/task-tree/scripts/_worktree_discovery.py" = "0a7a9adbf9f9edf6063ba20faac991d4ffb631e2322f8c9203c71114401d9e2b"
"skills/task-tree/scripts/cli.py" = "3b392aaf0efb59f00d512a2ac6462122044c93d5dcbacd4b3653384e646df9c5"
"skills/task-tree/scripts/plan_dashboard.py" = "e99a4d70af6ef4b17ca9033ae28a13ea6235bcd7f0a2588fdf32a9f9a3ec1ba6"
"skills/task-tree/scripts/task_comment.py" = "43ba7ca6675619ebd7cd74f5778c7c8a46bf851916112d3a8ce7528f2652f188"
"skills/task-tree/scripts/templates" = "dir:87595cf61fe54eab6f3be57b2ee42e22e55cdbcd7c6447629cd67feb7b65e4c6"
"skills/task-tree/scripts/tests/navigation_browser.py" = "d605bb1b66be85a9c42af7fd146a70cf4836d93ed860e4fd5b94e0e15d385215"
"skills/task-tree/scripts/vendor" = "dir:fac8922a7772de8e5d3d8249da931ee75116b494bcf60c56c1b3c8eff9e4ebc5"
"superRA/reproducibility/04-dashboard-view/scalable-navigation/attachments/heterogeneity-input.json" = "135cd860c757f6d1e45ffe5e77331b2303068a1fdb8d4abcc000e14bca67c5ec"

[task.produces]
"superRA/reproducibility/04-dashboard-view/scalable-navigation/attachments/heterogeneity" = "dir:d4c4d19fcd70080289363969b78f335abf5758d783dc9a347b9821a4c16b070f"

[[task]]
id = "dashboard-navigation-projection-check"
state = "1"

[task.depends_on]
"dashboard-navigation-projection-check::spec" = "e3ad78393bc0abe487cef41311d850f4539e9c18f0c2fd62090299b92b5934d5:32bebb34f77605d83950d9626a29f0c9284c84798dd6f965f3930c17373427b4"
"skills/task-tree/scripts/_artifacts.py" = "9815dd124e221dcad6cf5afca413eb9732e064b8aea84bfba902b14ce45db49e"
"skills/task-tree/scripts/_comments.py" = "ffb92c0c82f9346bca8e8a67a5c0bda00f3f9583538bbbaf0d88c6dbf45c082a"
"skills/task-tree/scripts/_repro.py" = "66cf6cb836251285414e83151eb79678cc4df165736b76b366ac17765114dd11"
"skills/task-tree/scripts/_repro_acceptance.py" = "022eca86c298b176f8e5d7b36bd38af82c090577c33fc51ff1b52c0d83a48cc7"
"skills/task-tree/scripts/_repro_scope.py" = "54f27dd97896d88e5f5018f7bdb6a9d5baa7d040fafc54361d7353e5036e86f0"
"skills/task-tree/scripts/_repro_state.py" = "0cdbf1437aca6432f9fa386827931226fa941372138b9652d9ccaa3793731d24"
"skills/task-tree/scripts/_task_dependencies.py" = "29d700a9ec6168ec8661d0288714fa2ef04bb11b9ec2dae4af12cdfca1d79a3f"
"skills/task-tree/scripts/_task_io.py" = "d6842b88d198aec91f5db0940a2d8d0240212d7a05d9ae7efa8220217990a85e"
"skills/task-tree/scripts/_task_snapshot.py" = "eae566c4c03b8b74ccd5a6cdb09ce019090fd993e1eed97e93e64503a42bdbf9"
"skills/task-tree/scripts/_task_validate.py" = "1071c882ca485f10c5b4a1897cac3a7abf903e91e2e8aac450be96a6737cfdbd"
"skills/task-tree/scripts/_worktree_discovery.py" = "0a7a9adbf9f9edf6063ba20faac991d4ffb631e2322f8c9203c71114401d9e2b"
"skills/task-tree/scripts/cli.py" = "3b392aaf0efb59f00d512a2ac6462122044c93d5dcbacd4b3653384e646df9c5"
"skills/task-tree/scripts/plan_dashboard.py" = "e99a4d70af6ef4b17ca9033ae28a13ea6235bcd7f0a2588fdf32a9f9a3ec1ba6"
"skills/task-tree/scripts/task_comment.py" = "43ba7ca6675619ebd7cd74f5778c7c8a46bf851916112d3a8ce7528f2652f188"
"skills/task-tree/scripts/templates" = "dir:87595cf61fe54eab6f3be57b2ee42e22e55cdbcd7c6447629cd67feb7b65e4c6"
"skills/task-tree/scripts/test_dashboard.py" = "d8d74f39dd48c2f83231af8c9b0a41c43b8f3dbf3cd9ff89e88791b754e9fca7"
"skills/task-tree/scripts/tests/navigation_browser.py" = "d605bb1b66be85a9c42af7fd146a70cf4836d93ed860e4fd5b94e0e15d385215"
"skills/task-tree/scripts/tests/test_navigation_projection.py" = "f9b3f1ea336606f4e4c6e932722e19072d09b5f1714b8546fd073c16ebe7f961"
"skills/task-tree/scripts/vendor" = "dir:fac8922a7772de8e5d3d8249da931ee75116b494bcf60c56c1b3c8eff9e4ebc5"

[task.produces]
".superra-repro/stamps/dashboard-navigation-projection-check.stamp" = "d0ae5a21c149a8204e85494a278514da3bcc945c1ff9cba2a26c31f6dbbd82ee"

[[task]]
id = "reviewed-baseline-regression-check"
state = "1"

[task.depends_on]
"reviewed-baseline-regression-check::spec" = "d0cf43255e15a9b19f4c23eb25b285b2bb7c691bbb24ebf31f4590082a331cda:c09d3170d01676d02359fe48564ba3ed03574ab15b837dc3942e87bef23f647c"
"skills/task-tree/scripts/_apply_patch.py" = "98beeef22daafd8f5a134c7b77f8705ade7e2e5e2e45f5fd8c90c1a0a8cc350f"
"skills/task-tree/scripts/_artifacts.py" = "9815dd124e221dcad6cf5afca413eb9732e064b8aea84bfba902b14ce45db49e"
"skills/task-tree/scripts/_comments.py" = "ffb92c0c82f9346bca8e8a67a5c0bda00f3f9583538bbbaf0d88c6dbf45c082a"
"skills/task-tree/scripts/_repro.py" = "51aa9cc1c777edad44496aed60750ed72f8918a7a89ae61eb7fd3db424d5d83c"
"skills/task-tree/scripts/_repro_acceptance.py" = "002da1b9debe926002d8e3714315313cd642fd1b3309125896e7e5fc77cf1006"
"skills/task-tree/scripts/_repro_hooks.py" = "b862a2fcfac3742ed7e0ea8886265c51cd3a6d7e4b6c1493fe4b27161a8a3cb0"
"skills/task-tree/scripts/_repro_scope.py" = "54f27dd97896d88e5f5018f7bdb6a9d5baa7d040fafc54361d7353e5036e86f0"
"skills/task-tree/scripts/_repro_state.py" = "a479ac551c280214f995a9eef5cd2d5cc7124c9f3d44f75d99682c0422a14e68"
"skills/task-tree/scripts/_step_links.py" = "44001000d4080ed40fed50aa7e626c01b4c8302e85d4c36d10c6a741f53314be"
"skills/task-tree/scripts/_task_dependencies.py" = "29d700a9ec6168ec8661d0288714fa2ef04bb11b9ec2dae4af12cdfca1d79a3f"
"skills/task-tree/scripts/_task_io.py" = "d6842b88d198aec91f5db0940a2d8d0240212d7a05d9ae7efa8220217990a85e"
"skills/task-tree/scripts/_task_snapshot.py" = "eae566c4c03b8b74ccd5a6cdb09ce019090fd993e1eed97e93e64503a42bdbf9"
"skills/task-tree/scripts/_task_validate.py" = "1071c882ca485f10c5b4a1897cac3a7abf903e91e2e8aac450be96a6737cfdbd"
"skills/task-tree/scripts/_worktree_discovery.py" = "0a7a9adbf9f9edf6063ba20faac991d4ffb631e2322f8c9203c71114401d9e2b"
"skills/task-tree/scripts/cli.py" = "3b392aaf0efb59f00d512a2ac6462122044c93d5dcbacd4b3653384e646df9c5"
"skills/task-tree/scripts/dashboard_artifact_workflow.py" = "3c4ef9add34cb0f43995cfccb0578796ab6d84f6cc76877d3d271063c224eb6e"
"skills/task-tree/scripts/plan_dashboard.py" = "e99a4d70af6ef4b17ca9033ae28a13ea6235bcd7f0a2588fdf32a9f9a3ec1ba6"
"skills/task-tree/scripts/plan_migrate.py" = "a25963dc94d3913485f4cdc5c6af85a654b840c37819918d53f3c6d84713d51a"
"skills/task-tree/scripts/repro_run.py" = "af048b42182329360a6039b6faff74feaa864ce529ced0ecc18f645942f655ef"
"skills/task-tree/scripts/task_add_result.py" = "1b9dd7bda520a2672e165d371bab64f5a116df0446d019199dabbd3ed6647d85"
"skills/task-tree/scripts/task_check.py" = "3bc7cd468dcb7e18d7433c3e179e41bbd8274093e4b9c5ef14a254e33833f1fd"
"skills/task-tree/scripts/task_comment.py" = "43ba7ca6675619ebd7cd74f5778c7c8a46bf851916112d3a8ce7528f2652f188"
"skills/task-tree/scripts/task_create.py" = "e8721031743716474595ddb1deb14a1aa50b73495ccb976b5de6196b693dd0e7"
"skills/task-tree/scripts/task_hook.py" = "c4dfd069e93e398f54af6e9be82884af5d0cb5c4a059c16748fa05d69d7a0da7"
"skills/task-tree/scripts/task_link.py" = "b25ee4cfb5cf4444d9d67b802ad2f6f7316a6078757bf8b25e1dd6409950cd20"
"skills/task-tree/scripts/task_query.py" = "c50663fa385fb1bf305b3318c44a7e5824608b0886e56cbfd89bec4d1f91286a"
"skills/task-tree/scripts/task_read.py" = "f98a8ae0e94aff52c7338acf6cd0986a139b2958adeb3880b0d88185fea74d4c"
"skills/task-tree/scripts/task_rename.py" = "e4c35c919c81a348005931700998021ec6a5b0dc6c674b0f70f9929fee29ea4c"
"skills/task-tree/scripts/task_update.py" = "c9405041bd628a7d3f21673617868d404eca5858641fa9b804b7f3fb94f0716d"
"skills/task-tree/scripts/test_repro_acceptance.py" = "1df042537cf49cf6f75934444d0d75e5d4bf74b211e469626323ba85b92d1de8"
"skills/task-tree/scripts/test_repro_runner.py" = "8368b9d11b9d19b2dc44ac0d1cf637140076c8aa57fa2f00db9f72cd1f52e435"
"skills/task-tree/scripts/test_repro_scope.py" = "b5ad29bd0ae0a967f48a8dd3e3f6451e3368c69a5a94491659bafe9f621cd7a1"
"skills/task-tree/scripts/wrapper_resolver.py" = "6817538dc99ea03ce5ffec90a3d2f6ef70d7139a5ec489977047a42376c8f19b"

[task.produces]
".superra-repro/stamps/reviewed-baseline-regression-check.stamp" = "fc26cf5734d865a2d0c872b5e20264e39ae4365abcdc7204a44633d7ed67ebe9"

[[task]]
id = "task-scoped-builds-check"
state = "1"

[task.depends_on]
"skills/task-tree/scripts/_apply_patch.py" = "98beeef22daafd8f5a134c7b77f8705ade7e2e5e2e45f5fd8c90c1a0a8cc350f"
"skills/task-tree/scripts/_artifacts.py" = "9815dd124e221dcad6cf5afca413eb9732e064b8aea84bfba902b14ce45db49e"
"skills/task-tree/scripts/_comments.py" = "ffb92c0c82f9346bca8e8a67a5c0bda00f3f9583538bbbaf0d88c6dbf45c082a"
"skills/task-tree/scripts/_repro.py" = "66cf6cb836251285414e83151eb79678cc4df165736b76b366ac17765114dd11"
"skills/task-tree/scripts/_repro_acceptance.py" = "022eca86c298b176f8e5d7b36bd38af82c090577c33fc51ff1b52c0d83a48cc7"
"skills/task-tree/scripts/_repro_hooks.py" = "e6c8a82628953cb0455c2393deab5b5156c767b36c30bb0bcab096ae57ce98fa"
"skills/task-tree/scripts/_repro_scope.py" = "54f27dd97896d88e5f5018f7bdb6a9d5baa7d040fafc54361d7353e5036e86f0"
"skills/task-tree/scripts/_repro_state.py" = "0cdbf1437aca6432f9fa386827931226fa941372138b9652d9ccaa3793731d24"
"skills/task-tree/scripts/_step_links.py" = "44001000d4080ed40fed50aa7e626c01b4c8302e85d4c36d10c6a741f53314be"
"skills/task-tree/scripts/_task_dependencies.py" = "29d700a9ec6168ec8661d0288714fa2ef04bb11b9ec2dae4af12cdfca1d79a3f"
"skills/task-tree/scripts/_task_io.py" = "d6842b88d198aec91f5db0940a2d8d0240212d7a05d9ae7efa8220217990a85e"
"skills/task-tree/scripts/_task_snapshot.py" = "eae566c4c03b8b74ccd5a6cdb09ce019090fd993e1eed97e93e64503a42bdbf9"
"skills/task-tree/scripts/_task_validate.py" = "1071c882ca485f10c5b4a1897cac3a7abf903e91e2e8aac450be96a6737cfdbd"
"skills/task-tree/scripts/_worktree_discovery.py" = "0a7a9adbf9f9edf6063ba20faac991d4ffb631e2322f8c9203c71114401d9e2b"
"skills/task-tree/scripts/cli.py" = "3b392aaf0efb59f00d512a2ac6462122044c93d5dcbacd4b3653384e646df9c5"
"skills/task-tree/scripts/conftest.py" = "e1e3ec0c5df2224bce0b1492c1ebfa1b40a9bfa08b6fdd216fe1b7df5761dea6"
"skills/task-tree/scripts/dashboard_artifact_workflow.py" = "3c4ef9add34cb0f43995cfccb0578796ab6d84f6cc76877d3d271063c224eb6e"
"skills/task-tree/scripts/plan_dashboard.py" = "e99a4d70af6ef4b17ca9033ae28a13ea6235bcd7f0a2588fdf32a9f9a3ec1ba6"
"skills/task-tree/scripts/plan_migrate.py" = "a25963dc94d3913485f4cdc5c6af85a654b840c37819918d53f3c6d84713d51a"
"skills/task-tree/scripts/repro_run.py" = "d55d1713085e36db0aa9c45492218ffa71598a80e7a704f7f95cdbfe22d44675"
"skills/task-tree/scripts/task_add_result.py" = "1b9dd7bda520a2672e165d371bab64f5a116df0446d019199dabbd3ed6647d85"
"skills/task-tree/scripts/task_check.py" = "5867949c10af228d8fda7620ebf5edd0a6f5de3e457003d0b2f49f081c56b83c"
"skills/task-tree/scripts/task_comment.py" = "43ba7ca6675619ebd7cd74f5778c7c8a46bf851916112d3a8ce7528f2652f188"
"skills/task-tree/scripts/task_create.py" = "e8721031743716474595ddb1deb14a1aa50b73495ccb976b5de6196b693dd0e7"
"skills/task-tree/scripts/task_hook.py" = "245e9bf3e6a056a8c816f01afbf92ece6e25182340932a1f30fc25eff6e1b68f"
"skills/task-tree/scripts/task_link.py" = "b25ee4cfb5cf4444d9d67b802ad2f6f7316a6078757bf8b25e1dd6409950cd20"
"skills/task-tree/scripts/task_query.py" = "c50663fa385fb1bf305b3318c44a7e5824608b0886e56cbfd89bec4d1f91286a"
"skills/task-tree/scripts/task_read.py" = "f98a8ae0e94aff52c7338acf6cd0986a139b2958adeb3880b0d88185fea74d4c"
"skills/task-tree/scripts/task_rename.py" = "e4c35c919c81a348005931700998021ec6a5b0dc6c674b0f70f9929fee29ea4c"
"skills/task-tree/scripts/task_update.py" = "c9405041bd628a7d3f21673617868d404eca5858641fa9b804b7f3fb94f0716d"
"skills/task-tree/scripts/test_repro_acceptance.py" = "4f66d8f59ac9044ff3eec0950e9a691d8600dc073384e6501496518dbc6ee7d1"
"skills/task-tree/scripts/test_repro_runner.py" = "90a11cda2e45b1c43d609204adf7c817d7db434b78b1ec4973cbf5a2dab14ef9"
"skills/task-tree/scripts/test_repro_scope.py" = "045decb02817e58273f185ece53014276b5ecfe37af644ec0e36a6b6c30ee323"
"skills/task-tree/scripts/test_task_dependencies.py" = "322054d9790052fb8daef422273b5ef0c61cb81959d25badd923c5b9ce3a555d"
"skills/task-tree/scripts/wrapper_resolver.py" = "6817538dc99ea03ce5ffec90a3d2f6ef70d7139a5ec489977047a42376c8f19b"
"task-scoped-builds-check::spec" = "42f33536bccdec3f685541bef24405f1a1a35058e97f1ae365a877332a4dfc51:5f253ac46806c2be34310ce09a36ebc741a2ff734e5c20b74167ae6e785b0143"

[task.produces]
".superra-repro/stamps/task-scoped-builds-check.stamp" = "cb90c9065766f73cf19c921cb7547bc2aa6dac305ffb703c1761e0fe21d3a6bb"

[[task]]
id = "task-scoped-builds-pilot"
state = "1"

[task.depends_on]
"skills/task-tree/scripts/_apply_patch.py" = "98beeef22daafd8f5a134c7b77f8705ade7e2e5e2e45f5fd8c90c1a0a8cc350f"
"skills/task-tree/scripts/_artifacts.py" = "9815dd124e221dcad6cf5afca413eb9732e064b8aea84bfba902b14ce45db49e"
"skills/task-tree/scripts/_comments.py" = "ffb92c0c82f9346bca8e8a67a5c0bda00f3f9583538bbbaf0d88c6dbf45c082a"
"skills/task-tree/scripts/_repro.py" = "66cf6cb836251285414e83151eb79678cc4df165736b76b366ac17765114dd11"
"skills/task-tree/scripts/_repro_acceptance.py" = "022eca86c298b176f8e5d7b36bd38af82c090577c33fc51ff1b52c0d83a48cc7"
"skills/task-tree/scripts/_repro_hooks.py" = "e6c8a82628953cb0455c2393deab5b5156c767b36c30bb0bcab096ae57ce98fa"
"skills/task-tree/scripts/_repro_scope.py" = "54f27dd97896d88e5f5018f7bdb6a9d5baa7d040fafc54361d7353e5036e86f0"
"skills/task-tree/scripts/_repro_state.py" = "0cdbf1437aca6432f9fa386827931226fa941372138b9652d9ccaa3793731d24"
"skills/task-tree/scripts/_step_links.py" = "44001000d4080ed40fed50aa7e626c01b4c8302e85d4c36d10c6a741f53314be"
"skills/task-tree/scripts/_task_dependencies.py" = "29d700a9ec6168ec8661d0288714fa2ef04bb11b9ec2dae4af12cdfca1d79a3f"
"skills/task-tree/scripts/_task_io.py" = "d6842b88d198aec91f5db0940a2d8d0240212d7a05d9ae7efa8220217990a85e"
"skills/task-tree/scripts/_task_snapshot.py" = "eae566c4c03b8b74ccd5a6cdb09ce019090fd993e1eed97e93e64503a42bdbf9"
"skills/task-tree/scripts/_task_validate.py" = "1071c882ca485f10c5b4a1897cac3a7abf903e91e2e8aac450be96a6737cfdbd"
"skills/task-tree/scripts/_worktree_discovery.py" = "0a7a9adbf9f9edf6063ba20faac991d4ffb631e2322f8c9203c71114401d9e2b"
"skills/task-tree/scripts/cli.py" = "3b392aaf0efb59f00d512a2ac6462122044c93d5dcbacd4b3653384e646df9c5"
"skills/task-tree/scripts/conftest.py" = "e1e3ec0c5df2224bce0b1492c1ebfa1b40a9bfa08b6fdd216fe1b7df5761dea6"
"skills/task-tree/scripts/dashboard_artifact_workflow.py" = "3c4ef9add34cb0f43995cfccb0578796ab6d84f6cc76877d3d271063c224eb6e"
"skills/task-tree/scripts/plan_dashboard.py" = "e99a4d70af6ef4b17ca9033ae28a13ea6235bcd7f0a2588fdf32a9f9a3ec1ba6"
"skills/task-tree/scripts/plan_migrate.py" = "a25963dc94d3913485f4cdc5c6af85a654b840c37819918d53f3c6d84713d51a"
"skills/task-tree/scripts/repro_run.py" = "d55d1713085e36db0aa9c45492218ffa71598a80e7a704f7f95cdbfe22d44675"
"skills/task-tree/scripts/task_add_result.py" = "1b9dd7bda520a2672e165d371bab64f5a116df0446d019199dabbd3ed6647d85"
"skills/task-tree/scripts/task_check.py" = "5867949c10af228d8fda7620ebf5edd0a6f5de3e457003d0b2f49f081c56b83c"
"skills/task-tree/scripts/task_comment.py" = "43ba7ca6675619ebd7cd74f5778c7c8a46bf851916112d3a8ce7528f2652f188"
"skills/task-tree/scripts/task_create.py" = "e8721031743716474595ddb1deb14a1aa50b73495ccb976b5de6196b693dd0e7"
"skills/task-tree/scripts/task_hook.py" = "245e9bf3e6a056a8c816f01afbf92ece6e25182340932a1f30fc25eff6e1b68f"
"skills/task-tree/scripts/task_link.py" = "b25ee4cfb5cf4444d9d67b802ad2f6f7316a6078757bf8b25e1dd6409950cd20"
"skills/task-tree/scripts/task_query.py" = "c50663fa385fb1bf305b3318c44a7e5824608b0886e56cbfd89bec4d1f91286a"
"skills/task-tree/scripts/task_read.py" = "f98a8ae0e94aff52c7338acf6cd0986a139b2958adeb3880b0d88185fea74d4c"
"skills/task-tree/scripts/task_rename.py" = "e4c35c919c81a348005931700998021ec6a5b0dc6c674b0f70f9929fee29ea4c"
"skills/task-tree/scripts/task_update.py" = "c9405041bd628a7d3f21673617868d404eca5858641fa9b804b7f3fb94f0716d"
"skills/task-tree/scripts/templates" = "dir:87595cf61fe54eab6f3be57b2ee42e22e55cdbcd7c6447629cd67feb7b65e4c6"
"skills/task-tree/scripts/test_dashboard.py" = "d8d74f39dd48c2f83231af8c9b0a41c43b8f3dbf3cd9ff89e88791b754e9fca7"
"skills/task-tree/scripts/tests/navigation_browser.py" = "d605bb1b66be85a9c42af7fd146a70cf4836d93ed860e4fd5b94e0e15d385215"
"skills/task-tree/scripts/tests/test_navigation_projection.py" = "f9b3f1ea336606f4e4c6e932722e19072d09b5f1714b8546fd073c16ebe7f961"
"skills/task-tree/scripts/vendor" = "dir:fac8922a7772de8e5d3d8249da931ee75116b494bcf60c56c1b3c8eff9e4ebc5"
"skills/task-tree/scripts/wrapper_resolver.py" = "6817538dc99ea03ce5ffec90a3d2f6ef70d7139a5ec489977047a42376c8f19b"
"superRA/reproducibility/04-dashboard-view/scalable-navigation/task.md" = "a717de670d7f50e9ef0d95fe673da879a573621b82b44f050b406f116f7961c4"
"superRA/reproducibility/11-scoped-verification/task-scoped-builds/attachments/pilot.py" = "6cac607fe7b5fde3c90fa4fe7d3f84fd4eb1b1e5a173bc26e8043771b5b84aa1"
"task-scoped-builds-pilot::spec" = "c3553c06e69e5a9430d5cc76b52c0bf64b47f7eaa326e44958d4458f11903082:af921a3322d3026f767332906d42cdc932ae2e0783d3aeb275819466f9f1920d"

[task.produces]
"superRA/reproducibility/11-scoped-verification/task-scoped-builds/attachments/pilot-results.json" = "4b4abf4348d244ee639be9449d36b729d286e6b30d01bc9bca93c0147f542752"

[[task]]
id = "unified-dependency-workflow-check"
state = "1"

[task.depends_on]
"skills/task-tree/scripts/_apply_patch.py" = "98beeef22daafd8f5a134c7b77f8705ade7e2e5e2e45f5fd8c90c1a0a8cc350f"
"skills/task-tree/scripts/_artifacts.py" = "9815dd124e221dcad6cf5afca413eb9732e064b8aea84bfba902b14ce45db49e"
"skills/task-tree/scripts/_comments.py" = "ffb92c0c82f9346bca8e8a67a5c0bda00f3f9583538bbbaf0d88c6dbf45c082a"
"skills/task-tree/scripts/_repro.py" = "66cf6cb836251285414e83151eb79678cc4df165736b76b366ac17765114dd11"
"skills/task-tree/scripts/_repro_acceptance.py" = "022eca86c298b176f8e5d7b36bd38af82c090577c33fc51ff1b52c0d83a48cc7"
"skills/task-tree/scripts/_repro_hooks.py" = "e6c8a82628953cb0455c2393deab5b5156c767b36c30bb0bcab096ae57ce98fa"
"skills/task-tree/scripts/_repro_scope.py" = "54f27dd97896d88e5f5018f7bdb6a9d5baa7d040fafc54361d7353e5036e86f0"
"skills/task-tree/scripts/_repro_state.py" = "0cdbf1437aca6432f9fa386827931226fa941372138b9652d9ccaa3793731d24"
"skills/task-tree/scripts/_step_links.py" = "44001000d4080ed40fed50aa7e626c01b4c8302e85d4c36d10c6a741f53314be"
"skills/task-tree/scripts/_task_dependencies.py" = "29d700a9ec6168ec8661d0288714fa2ef04bb11b9ec2dae4af12cdfca1d79a3f"
"skills/task-tree/scripts/_task_io.py" = "d6842b88d198aec91f5db0940a2d8d0240212d7a05d9ae7efa8220217990a85e"
"skills/task-tree/scripts/_task_snapshot.py" = "eae566c4c03b8b74ccd5a6cdb09ce019090fd993e1eed97e93e64503a42bdbf9"
"skills/task-tree/scripts/_task_validate.py" = "1071c882ca485f10c5b4a1897cac3a7abf903e91e2e8aac450be96a6737cfdbd"
"skills/task-tree/scripts/_worktree_discovery.py" = "0a7a9adbf9f9edf6063ba20faac991d4ffb631e2322f8c9203c71114401d9e2b"
"skills/task-tree/scripts/cli.py" = "3b392aaf0efb59f00d512a2ac6462122044c93d5dcbacd4b3653384e646df9c5"
"skills/task-tree/scripts/dashboard_artifact_workflow.py" = "3c4ef9add34cb0f43995cfccb0578796ab6d84f6cc76877d3d271063c224eb6e"
"skills/task-tree/scripts/plan_dashboard.py" = "e99a4d70af6ef4b17ca9033ae28a13ea6235bcd7f0a2588fdf32a9f9a3ec1ba6"
"skills/task-tree/scripts/plan_migrate.py" = "a25963dc94d3913485f4cdc5c6af85a654b840c37819918d53f3c6d84713d51a"
"skills/task-tree/scripts/repro_run.py" = "d55d1713085e36db0aa9c45492218ffa71598a80e7a704f7f95cdbfe22d44675"
"skills/task-tree/scripts/task_add_result.py" = "1b9dd7bda520a2672e165d371bab64f5a116df0446d019199dabbd3ed6647d85"
"skills/task-tree/scripts/task_check.py" = "5867949c10af228d8fda7620ebf5edd0a6f5de3e457003d0b2f49f081c56b83c"
"skills/task-tree/scripts/task_comment.py" = "43ba7ca6675619ebd7cd74f5778c7c8a46bf851916112d3a8ce7528f2652f188"
"skills/task-tree/scripts/task_create.py" = "e8721031743716474595ddb1deb14a1aa50b73495ccb976b5de6196b693dd0e7"
"skills/task-tree/scripts/task_hook.py" = "245e9bf3e6a056a8c816f01afbf92ece6e25182340932a1f30fc25eff6e1b68f"
"skills/task-tree/scripts/task_link.py" = "b25ee4cfb5cf4444d9d67b802ad2f6f7316a6078757bf8b25e1dd6409950cd20"
"skills/task-tree/scripts/task_query.py" = "c50663fa385fb1bf305b3318c44a7e5824608b0886e56cbfd89bec4d1f91286a"
"skills/task-tree/scripts/task_read.py" = "f98a8ae0e94aff52c7338acf6cd0986a139b2958adeb3880b0d88185fea74d4c"
"skills/task-tree/scripts/task_rename.py" = "e4c35c919c81a348005931700998021ec6a5b0dc6c674b0f70f9929fee29ea4c"
"skills/task-tree/scripts/task_update.py" = "c9405041bd628a7d3f21673617868d404eca5858641fa9b804b7f3fb94f0716d"
"skills/task-tree/scripts/wrapper_resolver.py" = "6817538dc99ea03ce5ffec90a3d2f6ef70d7139a5ec489977047a42376c8f19b"
"superRA/reproducibility/07-workflow-integration/unified-dependency-workflow/attachments/verify_workflow.py" = "a4fb350559cc50f6942ec789896ca313a5b33d69616eb48f6374b1627cbf24c4"
"unified-dependency-workflow-check::spec" = "d7ad85998ebc948ace4b17a477230dd543e739db009136bb58b312307f850d70:01c4ea7e062cc1fc7376cafa439a0e434eefc592a688f87702bbcc9d65119991"

[task.produces]
".superra-repro/stamps/unified-dependency-workflow-check.stamp" = "5d9025c1885042cbf3084f53b7752e57a2d971f7bac30728383ea6bb29437484"
